
Microsoft Visual Studio Solution File, Format Version 12.00
# Visual Studio 15
VisualStudioVersion = 15.0.27703.2047
MinimumVisualStudioVersion = 10.0.40219.1
Project("{9A19103F-16F7-4668-BE54-9A1E7A4F7556}") = "PaymentGatewaySample", "PaymentGatewaySample\PaymentGatewaySample.csproj", "{36919B93-3DA0-486D-A2E5-89633B6C1A9F}"
EndProject
Project("{9A19103F-16F7-4668-BE54-9A1E7A4F7556}") = "PaymentGatewaySample.Domain", "PaymentGatewaySample.Domain\PaymentGatewaySample.Domain.csproj", "{AA7AB578-28BF-4485-9492-294AB5815529}"
EndProject
Project("{9A19103F-16F7-4668-BE54-9A1E7A4F7556}") = "PaymentGatewaySample.Repositories", "PaymentGatewaySample.Repository\PaymentGatewaySample.Repositories.csproj", "{DCB1AFDC-1E22-4717-B827-26CF27D3A4BD}"
EndProject
Project("{9A19103F-16F7-4668-BE54-9A1E7A4F7556}") = "PaymentGatewaySample.Services", "PaymentGatewaySample.Services\PaymentGatewaySample.Services.csproj", "{E248EC67-BDA0-4F3D-AD66-13C36875D843}"
EndProject
Project("{9A19103F-16F7-4668-BE54-9A1E7A4F7556}") = "PaymentGatewaySample.Integrations.ClearSale", "PaymentGatewaySample.Integrations.ClearSale\PaymentGatewaySample.Integrations.ClearSale.csproj", "{52262C60-CBDA-4B6D-8741-D31770C7ADAA}"
EndProject
Project("{9A19103F-16F7-4668-BE54-9A1E7A4F7556}") = "PaymentGatewaySample.Integrations.Cielo", "PaymentGatewaySample.Integrations.Cielo\PaymentGatewaySample.Integrations.Cielo.csproj", "{8DA6FD09-610F-41BC-999D-52CDEB0AF547}"
EndProject
Project("{9A19103F-16F7-4668-BE54-9A1E7A4F7556}") = "PaymentGatewaySample.Integrations.Stone", "PaymentGatewaySample.Integrations.Stone\PaymentGatewaySample.Integrations.Stone.csproj", "{4B568554-04D9-4359-91F8-60FC0D2E6FD0}"
EndProject
Project("{2150E333-8FDC-42A3-9474-1A3956D46DE8}") = "SolutionItems", "SolutionItems", "{20E33EAA-8430-4B61-BE0B-F5E379A47EF4}"
	ProjectSection(SolutionItems) = preProject
		scripts_create.sql = scripts_create.sql
		scripts_insert.sql = scripts_insert.sql
	EndProjectSection
EndProject
Project("{FAE04EC0-301F-11D3-BF4B-00C04F79EFBC}") = "PaymentGatewaySample.UnitTests", "PaymentGatewaySample.UnitTests\PaymentGatewaySample.UnitTests.csproj", "{C6696F30-CE2C-4772-9626-741F3C852D31}"
EndProject
Project("{2150E333-8FDC-42A3-9474-1A3956D46DE8}") = "Tests", "Tests", "{9EAE2287-8241-4512-9FA8-2B5D14A17547}"
EndProject
Project("{FAE04EC0-301F-11D3-BF4B-00C04F79EFBC}") = "PaymentGatewaySample.IntegrationTests", "PaymentGatewaySample.IntegrationTests\PaymentGatewaySample.IntegrationTests.csproj", "{0DB1147E-E818-46F9-99A5-9D3241266014}"
EndProject
Global
	GlobalSection(SolutionConfigurationPlatforms) = preSolution
		Debug|Any CPU = Debug|Any CPU
		Release|Any CPU = Release|Any CPU
	EndGlobalSection
	GlobalSection(ProjectConfigurationPlatforms) = postSolution
		{36919B93-3DA0-486D-A2E5-89633B6C1A9F}.Debug|Any CPU.ActiveCfg = Debug|Any CPU
		{36919B93-3DA0-486D-A2E5-89633B6C1A9F}.Debug|Any CPU.Build.0 = Debug|Any CPU
		{36919B93-3DA0-486D-A2E5-89633B6C1A9F}.Release|Any CPU.ActiveCfg = Release|Any CPU
		{36919B93-3DA0-486D-A2E5-89633B6C1A9F}.Release|Any CPU.Build.0 = Release|Any CPU
		{AA7AB578-28BF-4485-9492-294AB5815529}.Debug|Any CPU.ActiveCfg = Debug|Any CPU
		{AA7AB578-28BF-4485-9492-294AB5815529}.Debug|Any CPU.Build.0 = Debug|Any CPU
		{AA7AB578-28BF-4485-9492-294AB5815529}.Release|Any CPU.ActiveCfg = Release|Any CPU
		{AA7AB578-28BF-4485-9492-294AB5815529}.Release|Any CPU.Build.0 = Release|Any CPU
		{DCB1AFDC-1E22-4717-B827-26CF27D3A4BD}.Debug|Any CPU.ActiveCfg = Debug|Any CPU
		{DCB1AFDC-1E22-4717-B827-26CF27D3A4BD}.Debug|Any CPU.Build.0 = Debug|Any CPU
		{DCB1AFDC-1E22-4717-B827-26CF27D3A4BD}.Release|Any CPU.ActiveCfg = Release|Any CPU
		{DCB1AFDC-1E22-4717-B827-26CF27D3A4BD}.Release|Any CPU.Build.0 = Release|Any CPU
		{E248EC67-BDA0-4F3D-AD66-13C36875D843}.Debug|Any CPU.ActiveCfg = Debug|Any CPU
		{E248EC67-BDA0-4F3D-AD66-13C36875D843}.Debug|Any CPU.Build.0 = Debug|Any CPU
		{E248EC67-BDA0-4F3D-AD66-13C36875D843}.Release|Any CPU.ActiveCfg = Release|Any CPU
		{E248EC67-BDA0-4F3D-AD66-13C36875D843}.Release|Any CPU.Build.0 = Release|Any CPU
		{52262C60-CBDA-4B6D-8741-D31770C7ADAA}.Debug|Any CPU.ActiveCfg = Debug|Any CPU
		{52262C60-CBDA-4B6D-8741-D31770C7ADAA}.Debug|Any CPU.Build.0 = Debug|Any CPU
		{52262C60-CBDA-4B6D-8741-D31770C7ADAA}.Release|Any CPU.ActiveCfg = Release|Any CPU
		{52262C60-CBDA-4B6D-8741-D31770C7ADAA}.Release|Any CPU.Build.0 = Release|Any CPU
		{8DA6FD09-610F-41BC-999D-52CDEB0AF547}.Debug|Any CPU.ActiveCfg = Debug|Any CPU
		{8DA6FD09-610F-41BC-999D-52CDEB0AF547}.Debug|Any CPU.Build.0 = Debug|Any CPU
		{8DA6FD09-610F-41BC-999D-52CDEB0AF547}.Release|Any CPU.ActiveCfg = Release|Any CPU
		{8DA6FD09-610F-41BC-999D-52CDEB0AF547}.Release|Any CPU.Build.0 = Release|Any CPU
		{4B568554-04D9-4359-91F8-60FC0D2E6FD0}.Debug|Any CPU.ActiveCfg = Debug|Any CPU
		{4B568554-04D9-4359-91F8-60FC0D2E6FD0}.Debug|Any CPU.Build.0 = Debug|Any CPU
		{4B568554-04D9-4359-91F8-60FC0D2E6FD0}.Release|Any CPU.ActiveCfg = Release|Any CPU
		{4B568554-04D9-4359-91F8-60FC0D2E6FD0}.Release|Any CPU.Build.0 = Release|Any CPU
		{C6696F30-CE2C-4772-9626-741F3C852D31}.Debug|Any CPU.ActiveCfg = Debug|Any CPU
		{C6696F30-CE2C-4772-9626-741F3C852D31}.Debug|Any CPU.Build.0 = Debug|Any CPU
		{C6696F30-CE2C-4772-9626-741F3C852D31}.Release|Any CPU.ActiveCfg = Release|Any CPU
		{C6696F30-CE2C-4772-9626-741F3C852D31}.Release|Any CPU.Build.0 = Release|Any CPU
		{0DB1147E-E818-46F9-99A5-9D3241266014}.Debug|Any CPU.ActiveCfg = Debug|Any CPU
		{0DB1147E-E818-46F9-99A5-9D3241266014}.Debug|Any CPU.Build.0 = Debug|Any CPU
		{0DB1147E-E818-46F9-99A5-9D3241266014}.Release|Any CPU.ActiveCfg = Release|Any CPU
		{0DB1147E-E818-46F9-99A5-9D3241266014}.Release|Any CPU.Build.0 = Release|Any CPU
	EndGlobalSection
	GlobalSection(SolutionProperties) = preSolution
		HideSolutionNode = FALSE
	EndGlobalSection
	GlobalSection(NestedProjects) = preSolution
		{C6696F30-CE2C-4772-9626-741F3C852D31} = {9EAE2287-8241-4512-9FA8-2B5D14A17547}
		{0DB1147E-E818-46F9-99A5-9D3241266014} = {9EAE2287-8241-4512-9FA8-2B5D14A17547}
	EndGlobalSection
	GlobalSection(ExtensibilityGlobals) = postSolution
		SolutionGuid = {8DCD2229-8831-4C15-BDFB-DA225E7187F3}
	EndGlobalSection
EndGlobal
